{
  "name": "json-rules-engine-examples",
  "version": "1.0.0",
  "lockfileVersion": 3,
  "requires": true,
  "packages": {
    "": {
      "name": "json-rules-engine-examples",
      "version": "1.0.0",
      "license": "ISC",
      "dependencies": {
        "json-rules-engine": "../"
      }
    },
    "..": {
      "version": "7.3.1",
      "license": "ISC",
      "dependencies": {
        "clone": "^2.1.2",
        "eventemitter2": "^6.4.4",
        "hash-it": "^6.0.0",
        "jsonpath-plus": "^10.3.0"
      },
      "devDependencies": {
        "@babel/cli": "^7.27.2",
        "@babel/eslint-parser": "^7.27.1",
        "@babel/plugin-proposal-function-bind": "^7.27.1",
        "@babel/preset-env": "^7.27.2",
        "@babel/preset-typescript": "^7.27.1",
        "@babel/register": "^7.27.1",
        "@types/chai": "^4.3.4",
        "@types/chai-as-promised": "^7.1.1",
        "@types/dirty-chai": "^2.0.1",
        "@types/mocha": "^10.0.10",
        "@types/sinon": "^17.0.4",
        "@types/sinon-chai": "^3.2.12",
        "chai": "^4.3.4",
        "chai-as-promised": "^7.1.1",
        "colors": "~1.4.0",
        "dirty-chai": "2.0.1",
        "lodash": "4.17.21",
        "mocha": "^8.4.0",
        "perfy": "^1.1.5",
        "sinon": "^11.1.1",
        "sinon-chai": "^3.7.0",
        "snazzy": "^9.0.0",
        "standard": "^17.1.2",
        "ts-node": "^10.9.2",
        "tsd": "^0.17.0",
        "typescript": "^5.8.3"
      },
      "engines": {
        "node": ">=18.0.0"
      }
    },
    "node_modules/json-rules-engine": {
      "resolved": "..",
      "link": true
    }
  }
}
